# This file is generated by running "yarn install" inside your project.
# Manual changes might be lost - proceed with caution!

__metadata:
  version: 8
  cacheKey: 10c0

"@babel/runtime@npm:^7.22.5":
  version: 7.22.5
  resolution: "@babel/runtime@npm:7.22.5"
  dependencies:
    regenerator-runtime: "npm:^0.13.11"
  checksum: 10c0/11dcaeecd2246857ccf22f939fcae28a58d29e410607bfa28b95d9b03e298a3e3df8a530e22637d5bfccfc1661fb39cc50c06b404b5d53454bd93889c7dd3eb8
  languageName: node
  linkType: hard

"@cesium/engine@npm:^10.1.0":
  version: 10.1.0
  resolution: "@cesium/engine@npm:10.1.0"
  dependencies:
    "@tweenjs/tween.js": "npm:^23.1.1"
    "@zip.js/zip.js": "npm:^2.7.34"
    autolinker: "npm:^4.0.0"
    bitmap-sdf: "npm:^1.0.3"
    dompurify: "npm:^3.0.2"
    draco3d: "npm:^1.5.1"
    earcut: "npm:^3.0.0"
    grapheme-splitter: "npm:^1.0.4"
    jsep: "npm:^1.3.8"
    kdbush: "npm:^4.0.1"
    ktx-parse: "npm:^0.7.0"
    lerc: "npm:^2.0.0"
    mersenne-twister: "npm:^1.1.0"
    meshoptimizer: "npm:^0.21.0"
    pako: "npm:^2.0.4"
    protobufjs: "npm:^7.1.0"
    rbush: "npm:^4.0.0"
    topojson-client: "npm:^3.1.0"
    urijs: "npm:^1.19.7"
  checksum: 10c0/f347d1cdfb3d1dbbd86b3feb7db526371c08bb8ec7907d0be2b33faaa6a3704f50e5c58de5750b6bf6295dac0b1abb8d8981e3147a5eb0063f38b51154226edd
  languageName: node
  linkType: hard

"@cesium/widgets@npm:^7.1.0":
  version: 7.1.0
  resolution: "@cesium/widgets@npm:7.1.0"
  dependencies:
    "@cesium/engine": "npm:^10.1.0"
    nosleep.js: "npm:^0.12.0"
  checksum: 10c0/d18f84ea9f3e45a1fd05e62e36c7bbe4c0ce1298113adb77f796f744474c8acb4f1f0e54aac951b3636f91c140bd9fa57edcc052524a38fa454406e4b3025129
  languageName: node
  linkType: hard

"@protobufjs/aspromise@npm:^1.1.1, @protobufjs/aspromise@npm:^1.1.2":
  version: 1.1.2
  resolution: "@protobufjs/aspromise@npm:1.1.2"
  checksum: 10c0/a83343a468ff5b5ec6bff36fd788a64c839e48a07ff9f4f813564f58caf44d011cd6504ed2147bf34835bd7a7dd2107052af755961c6b098fd8902b4f6500d0f
  languageName: node
  linkType: hard

"@protobufjs/base64@npm:^1.1.2":
  version: 1.1.2
  resolution: "@protobufjs/base64@npm:1.1.2"
  checksum: 10c0/eec925e681081af190b8ee231f9bad3101e189abbc182ff279da6b531e7dbd2a56f1f306f37a80b1be9e00aa2d271690d08dcc5f326f71c9eed8546675c8caf6
  languageName: node
  linkType: hard

"@protobufjs/codegen@npm:^2.0.4":
  version: 2.0.4
  resolution: "@protobufjs/codegen@npm:2.0.4"
  checksum: 10c0/26ae337c5659e41f091606d16465bbcc1df1f37cc1ed462438b1f67be0c1e28dfb2ca9f294f39100c52161aef82edf758c95d6d75650a1ddf31f7ddee1440b43
  languageName: node
  linkType: hard

"@protobufjs/eventemitter@npm:^1.1.0":
  version: 1.1.0
  resolution: "@protobufjs/eventemitter@npm:1.1.0"
  checksum: 10c0/1eb0a75180e5206d1033e4138212a8c7089a3d418c6dfa5a6ce42e593a4ae2e5892c4ef7421f38092badba4040ea6a45f0928869989411001d8c1018ea9a6e70
  languageName: node
  linkType: hard

"@protobufjs/fetch@npm:^1.1.0":
  version: 1.1.0
  resolution: "@protobufjs/fetch@npm:1.1.0"
  dependencies:
    "@protobufjs/aspromise": "npm:^1.1.1"
    "@protobufjs/inquire": "npm:^1.1.0"
  checksum: 10c0/cda6a3dc2d50a182c5865b160f72077aac197046600091dbb005dd0a66db9cce3c5eaed6d470ac8ed49d7bcbeef6ee5f0bc288db5ff9a70cbd003e5909065233
  languageName: node
  linkType: hard

"@protobufjs/float@npm:^1.0.2":
  version: 1.0.2
  resolution: "@protobufjs/float@npm:1.0.2"
  checksum: 10c0/18f2bdede76ffcf0170708af15c9c9db6259b771e6b84c51b06df34a9c339dbbeec267d14ce0bddd20acc142b1d980d983d31434398df7f98eb0c94a0eb79069
  languageName: node
  linkType: hard

"@protobufjs/inquire@npm:^1.1.0":
  version: 1.1.0
  resolution: "@protobufjs/inquire@npm:1.1.0"
  checksum: 10c0/64372482efcba1fb4d166a2664a6395fa978b557803857c9c03500e0ac1013eb4b1aacc9ed851dd5fc22f81583670b4f4431bae186f3373fedcfde863ef5921a
  languageName: node
  linkType: hard

"@protobufjs/path@npm:^1.1.2":
  version: 1.1.2
  resolution: "@protobufjs/path@npm:1.1.2"
  checksum: 10c0/cece0a938e7f5dfd2fa03f8c14f2f1cf8b0d6e13ac7326ff4c96ea311effd5fb7ae0bba754fbf505312af2e38500250c90e68506b97c02360a43793d88a0d8b4
  languageName: node
  linkType: hard

"@protobufjs/pool@npm:^1.1.0":
  version: 1.1.0
  resolution: "@protobufjs/pool@npm:1.1.0"
  checksum: 10c0/eda2718b7f222ac6e6ad36f758a92ef90d26526026a19f4f17f668f45e0306a5bd734def3f48f51f8134ae0978b6262a5c517c08b115a551756d1a3aadfcf038
  languageName: node
  linkType: hard

"@protobufjs/utf8@npm:^1.1.0":
  version: 1.1.0
  resolution: "@protobufjs/utf8@npm:1.1.0"
  checksum: 10c0/a3fe31fe3fa29aa3349e2e04ee13dc170cc6af7c23d92ad49e3eeaf79b9766264544d3da824dba93b7855bd6a2982fb40032ef40693da98a136d835752beb487
  languageName: node
  linkType: hard

"@tweenjs/tween.js@npm:^23.1.1":
  version: 23.1.3
  resolution: "@tweenjs/tween.js@npm:23.1.3"
  checksum: 10c0/811b30f5f0e7409fb41833401c501c2d6f600eb5f43039dd9067a7f70aff6dad5f5ce1233848e13f0b33a269a160d9c133f344d986cbff4f1f6b72ddecd06c89
  languageName: node
  linkType: hard

"@types/node@npm:>=13.7.0":
  version: 20.2.3
  resolution: "@types/node@npm:20.2.3"
  checksum: 10c0/de79ce435f28354dd80f1203db2a5a0606543964400738007fe653d6248a75a9bbec7e7d9b350c475f3b0de514f4d2adbd642abe14f4a6dd40de92c0b8533b5e
  languageName: node
  linkType: hard

"@zip.js/zip.js@npm:^2.7.34":
  version: 2.7.47
  resolution: "@zip.js/zip.js@npm:2.7.47"
  checksum: 10c0/8bb2d393912333e1ee02f1cbd43ae3d5586902e882e96ca93340e88fabe3b12ca8aaac705af173bb0b25b8ae9c6fc74bb5ba6032df17553d8912b4d875f6b4ab
  languageName: node
  linkType: hard

"arrive@npm:^2.4.1":
  version: 2.4.1
  resolution: "arrive@npm:2.4.1"
  checksum: 10c0/9f4cd6063d1ae58d5de69a8441d1d607f1c5e1b571dfa9dc57f6c64cce820ac5d8caeb73758b4d64e241c98acede1f66d83bf43ae1f696041bcc651db4479b7d
  languageName: node
  linkType: hard

"autolinker@npm:^4.0.0":
  version: 4.0.0
  resolution: "autolinker@npm:4.0.0"
  dependencies:
    tslib: "npm:^2.3.0"
  checksum: 10c0/7c2a5f5e3c5e52912ad4d7c445c1ee4d7a2c99c2cd29de0b9c43fc75f2e3835cf8f92a7ec3dbca5c3a3c6315e1b82f3f480eeb7acb9ce7e9ef9c500ce9c889f5
  languageName: node
  linkType: hard

"bitmap-sdf@npm:^1.0.3":
  version: 1.0.4
  resolution: "bitmap-sdf@npm:1.0.4"
  checksum: 10c0/1af490ff70c6fcb4f2a3d6c2217c0876a63a8a164515ee7283622409f35c050827ec1ad6fa8a1f152bb288d77de8fe7f7858ce67f1e7621af56de8755dce48fd
  languageName: node
  linkType: hard

"cesium@npm:^1.120.0":
  version: 1.120.0
  resolution: "cesium@npm:1.120.0"
  dependencies:
    "@cesium/engine": "npm:^10.1.0"
    "@cesium/widgets": "npm:^7.1.0"
  checksum: 10c0/b82b45e6f49bde7d6d9cc4fe0e716c7b6c38649ed8dc77e90c18481f59c0b661f8e20b457dcfa49581ef3a77ed5d976513ccdf8aab8d08cf1587d93e8a033613
  languageName: node
  linkType: hard

"commander@npm:2":
  version: 2.20.3
  resolution: "commander@npm:2.20.3"
  checksum: 10c0/74c781a5248c2402a0a3e966a0a2bba3c054aad144f5c023364be83265e796b20565aa9feff624132ff629aa64e16999fa40a743c10c12f7c61e96a794b99288
  languageName: node
  linkType: hard

"dompurify@npm:^3.0.2":
  version: 3.0.3
  resolution: "dompurify@npm:3.0.3"
  checksum: 10c0/793b537795801bfe08efa84afdcd641f56d620ff21ddabbd3445ed2e4efa13b5d1a8d9662316acce313e4894dac0b1e62375f571baadb068b7ec5c855709db74
  languageName: node
  linkType: hard

"draco3d@npm:^1.5.1":
  version: 1.5.6
  resolution: "draco3d@npm:1.5.6"
  checksum: 10c0/597bfd10dd3ec41cd44be8836f6168b83d6eecd20787df8df354c6a9df791656892e9d475c68908dd9fb0223476b048713dbf022cbfd29b3fe8f849f4ffeb373
  languageName: node
  linkType: hard

"earcut@npm:^3.0.0":
  version: 3.0.0
  resolution: "earcut@npm:3.0.0"
  checksum: 10c0/20f3d8492f02452648466d2ce98276c9317c4d6980fc2596b1cb119fc3ef2d034724c5721de2af191331fb43610a27995b0f1b611d3386976b770ae9af7b3bbe
  languageName: node
  linkType: hard

"grapheme-splitter@npm:^1.0.4":
  version: 1.0.4
  resolution: "grapheme-splitter@npm:1.0.4"
  checksum: 10c0/108415fb07ac913f17040dc336607772fcea68c7f495ef91887edddb0b0f5ff7bc1d1ab181b125ecb2f0505669ef12c9a178a3bbd2dd8e042d8c5f1d7c90331a
  languageName: node
  linkType: hard

"i18next@npm:^23.5.1":
  version: 23.5.1
  resolution: "i18next@npm:23.5.1"
  dependencies:
    "@babel/runtime": "npm:^7.22.5"
  checksum: 10c0/af49c399a90505ae26c1a022d06c4a11c4adcde6524b31c315dcaa43443c85892adef6de934b2af737abbdd2ffa66449d2854f135af8691223a8bb4ffaf6e1af
  languageName: node
  linkType: hard

"jsep@npm:^1.3.8":
  version: 1.3.8
  resolution: "jsep@npm:1.3.8"
  checksum: 10c0/f63af75900dd484b0d4c609dd06ae0963fcd96387f53eacc77952e1506bc20d9ebb625bd662e21272bc71aa94433edc6366e2edf753ab98dbc1191cdcc737955
  languageName: node
  linkType: hard

"kdbush@npm:^4.0.1":
  version: 4.0.2
  resolution: "kdbush@npm:4.0.2"
  checksum: 10c0/d50183b299c57e2573114e902ab47aed7494be3ca41b66d456779ecc3b2f153f491de341f9609965414784f728894f9a9001152eb9f3a40cd3755521c06a45a3
  languageName: node
  linkType: hard

"ktx-parse@npm:^0.7.0":
  version: 0.7.1
  resolution: "ktx-parse@npm:0.7.1"
  checksum: 10c0/07c0870a0d0fe0bd412b430ac58afd721136a1ca76db83a066b6d20810878822822cbe3b8c8507c15ae8680be0988675b4f5c3d1243262284f161b52c59d09e9
  languageName: node
  linkType: hard

"lerc@npm:^2.0.0":
  version: 2.0.0
  resolution: "lerc@npm:2.0.0"
  checksum: 10c0/066144402c344a680c01dce1be5860ac0a9f15844a1443422928fb970d8a9c6832bd00ff537c7f93430f3deb5db8b13dcce870547d44edb4af99f12f40a19ac6
  languageName: node
  linkType: hard

"long@npm:^5.0.0":
  version: 5.2.3
  resolution: "long@npm:5.2.3"
  checksum: 10c0/6a0da658f5ef683b90330b1af76f06790c623e148222da9d75b60e266bbf88f803232dd21464575681638894a84091616e7f89557aa087fd14116c0f4e0e43d9
  languageName: node
  linkType: hard

"material-dashboard-dark-edition@npm:^2.1.0":
  version: 2.1.0
  resolution: "material-dashboard-dark-edition@npm:2.1.0"
  checksum: 10c0/2a6806ed1eee7813087c722bc37fb10c573c65d6f051e762c583c2f97dce1bb67a31f9fd8dca65888c7961818767535f1078938dc35c864c75a580df49e10cf6
  languageName: node
  linkType: hard

"material-dashboard@npm:^3.0.9":
  version: 3.0.9
  resolution: "material-dashboard@npm:3.0.9"
  checksum: 10c0/3b2dabe562f1b65abf4066097c4e4afaeb7e4f466afbe46861417f07844d158936d62613ebf38e3eadfe30d93f644b43ff57b374b1118c904a0ba033ceeb685d
  languageName: node
  linkType: hard

"mersenne-twister@npm:^1.1.0":
  version: 1.1.0
  resolution: "mersenne-twister@npm:1.1.0"
  checksum: 10c0/f6c17af4d323f4ffebb214aa714b404a667e3c6d033318cb164c8894619d20256e637cad7e628de41d0287c24e91f4263742d3ed81389fb917545ab9d8c3b2d9
  languageName: node
  linkType: hard

"meshoptimizer@npm:^0.21.0":
  version: 0.21.0
  resolution: "meshoptimizer@npm:0.21.0"
  checksum: 10c0/3d55799c2f49c8b6dc0f73fb0a0e0c815b32cfe2e66d7433e1197c032aa172d379d37b45682fe713526dbfd1df68a3cddc283cd55bca620efc8eeccff58b0184
  languageName: node
  linkType: hard

"nosleep.js@npm:^0.12.0":
  version: 0.12.0
  resolution: "nosleep.js@npm:0.12.0"
  checksum: 10c0/a9557206344c85078c46c8f2739066335cc06644d3ec6b0798ed3a1e0b89f929f2fe9bf9285df6d6ae1bd96f08940682a8a08c540fd73f4fff318a4144723055
  languageName: node
  linkType: hard

"pako@npm:^2.0.4":
  version: 2.1.0
  resolution: "pako@npm:2.1.0"
  checksum: 10c0/8e8646581410654b50eb22a5dfd71159cae98145bd5086c9a7a816ec0370b5f72b4648d08674624b3870a521e6a3daffd6c2f7bc00fdefc7063c9d8232ff5116
  languageName: node
  linkType: hard

"perfect-scrollbar@npm:^1.5.1":
  version: 1.5.5
  resolution: "perfect-scrollbar@npm:1.5.5"
  checksum: 10c0/10f0c3a1205328b22e232be4ee9f0e832e96fb5b6c524d1d04e11f97ad910018c1c0659af145e0ae0dc2b41e67a96df12787de5366ff5ba86034339071ca722b
  languageName: node
  linkType: hard

"protobufjs@npm:^7.1.0":
  version: 7.3.2
  resolution: "protobufjs@npm:7.3.2"
  dependencies:
    "@protobufjs/aspromise": "npm:^1.1.2"
    "@protobufjs/base64": "npm:^1.1.2"
    "@protobufjs/codegen": "npm:^2.0.4"
    "@protobufjs/eventemitter": "npm:^1.1.0"
    "@protobufjs/fetch": "npm:^1.1.0"
    "@protobufjs/float": "npm:^1.0.2"
    "@protobufjs/inquire": "npm:^1.1.0"
    "@protobufjs/path": "npm:^1.1.2"
    "@protobufjs/pool": "npm:^1.1.0"
    "@protobufjs/utf8": "npm:^1.1.0"
    "@types/node": "npm:>=13.7.0"
    long: "npm:^5.0.0"
  checksum: 10c0/b87e38fffc989793099010439a7ff45a0a57ef5b8f44b5209f06bfa5085ac96a365aa37eb3c79bd6954d6ef1b50fc69da37dae8ea2a31d90b7bc8fb2fa0e3955
  languageName: node
  linkType: hard

"quickselect@npm:^2.0.0":
  version: 2.0.0
  resolution: "quickselect@npm:2.0.0"
  checksum: 10c0/6c8d591bc73beae4c1996b7b7138233a7dbbbdde29b7b6d822a02d08cd220fd27613f47d6e9635989b12e250d42ef9da3448de1ed12ad962974e207ab3c3562c
  languageName: node
  linkType: hard

"rbush@npm:^4.0.0":
  version: 4.0.0
  resolution: "rbush@npm:4.0.0"
  dependencies:
    quickselect: "npm:^2.0.0"
  checksum: 10c0/a2d407ea87e11eb0ae7b924acb2094994a60c503a892421313a48d2073aa9f1201fe0413b576e81d2c41954d97e78ee507a9ddbf361cc613f33efcce83a85b0a
  languageName: node
  linkType: hard

"regenerator-runtime@npm:^0.13.11":
  version: 0.13.11
  resolution: "regenerator-runtime@npm:0.13.11"
  checksum: 10c0/12b069dc774001fbb0014f6a28f11c09ebfe3c0d984d88c9bced77fdb6fedbacbca434d24da9ae9371bfbf23f754869307fb51a4c98a8b8b18e5ef748677ca24
  languageName: node
  linkType: hard

"root-workspace-0b6124@workspace:.":
  version: 0.0.0-use.local
  resolution: "root-workspace-0b6124@workspace:."
  dependencies:
    arrive: "npm:^2.4.1"
    cesium: "npm:^1.120.0"
    i18next: "npm:^23.5.1"
    material-dashboard: "npm:^3.0.9"
    material-dashboard-dark-edition: "npm:^2.1.0"
    perfect-scrollbar: "npm:^1.5.1"
  languageName: unknown
  linkType: soft

"topojson-client@npm:^3.1.0":
  version: 3.1.0
  resolution: "topojson-client@npm:3.1.0"
  dependencies:
    commander: "npm:2"
  bin:
    topo2geo: bin/topo2geo
    topomerge: bin/topomerge
    topoquantize: bin/topoquantize
  checksum: 10c0/da2acba268cbf4d002483d5d81452e0d797b2fff6041fafb1d420e58973fa780a6f42041ce4c2677376ab977e5e1732b89c42a2db3c334a34f6c47f4d94b3eaa
  languageName: node
  linkType: hard

"tslib@npm:^2.3.0":
  version: 2.5.2
  resolution: "tslib@npm:2.5.2"
  checksum: 10c0/34fa100454708fa8acb7afc2b07d80e0332081e2075ddd912ba959af3b24f969663dac6d602961e57371dc05683badb83b3186ada92c4631ec777e02e3aab608
  languageName: node
  linkType: hard

"urijs@npm:^1.19.7":
  version: 1.19.11
  resolution: "urijs@npm:1.19.11"
  checksum: 10c0/96e15eea5b41a99361d506e4d8fcc64dc43f334bd5fd34e08261467b6954b97a6b45929a8d6c79e2dc76aadfd6ca950e0f4bd7f3c0757a08978429634d07eda1
  languageName: node
  linkType: hard
