# THIS IS AN AUTOGENERATED FILE. DO NOT EDIT THIS FILE DIRECTLY.
# yarn lockfile v1


"@babel/runtime@^7.22.5":
  version "7.22.5"
  resolved "https://registry.yarnpkg.com/@babel/runtime/-/runtime-7.22.5.tgz#8564dd588182ce0047d55d7a75e93921107b57ec"
  dependencies:
    regenerator-runtime "^0.13.11"

"@cesium/engine@^4.0.0":
  version "4.0.0"
  resolved "https://registry.yarnpkg.com/@cesium/engine/-/engine-4.0.0.tgz#85b7efde958a5294e70ced6560184b580fe9c52d"
  dependencies:
    "@tweenjs/tween.js" "^21.0.0"
    "@zip.js/zip.js" "2.4.x"
    autolinker "^4.0.0"
    bitmap-sdf "^1.0.3"
    dompurify "^3.0.2"
    draco3d "^1.5.1"
    earcut "^2.2.4"
    grapheme-splitter "^1.0.4"
    jsep "^1.3.8"
    kdbush "^4.0.1"
    ktx-parse "^0.6.0"
    lerc "^2.0.0"
    mersenne-twister "^1.1.0"
    meshoptimizer "^0.19.0"
    pako "^2.0.4"
    protobufjs "^7.1.0"
    rbush "^3.0.1"
    topojson-client "^3.1.0"
    urijs "^1.19.7"

"@cesium/widgets@^4.0.0":
  version "4.0.0"
  resolved "https://registry.yarnpkg.com/@cesium/widgets/-/widgets-4.0.0.tgz#747bd0d104e2a0665321dc0e2d8e69fc297edff1"
  dependencies:
    "@cesium/engine" "^4.0.0"
    nosleep.js "^0.12.0"

"@protobufjs/aspromise@^1.1.1", "@protobufjs/aspromise@^1.1.2":
  version "1.1.2"
  resolved "https://registry.yarnpkg.com/@protobufjs/aspromise/-/aspromise-1.1.2.tgz#9b8b0cc663d669a7d8f6f5d0893a14d348f30fbf"

"@protobufjs/base64@^1.1.2":
  version "1.1.2"
  resolved "https://registry.yarnpkg.com/@protobufjs/base64/-/base64-1.1.2.tgz#4c85730e59b9a1f1f349047dbf24296034bb2735"

"@protobufjs/codegen@^2.0.4":
  version "2.0.4"
  resolved "https://registry.yarnpkg.com/@protobufjs/codegen/-/codegen-2.0.4.tgz#7ef37f0d010fb028ad1ad59722e506d9262815cb"

"@protobufjs/eventemitter@^1.1.0":
  version "1.1.0"
  resolved "https://registry.yarnpkg.com/@protobufjs/eventemitter/-/eventemitter-1.1.0.tgz#355cbc98bafad5978f9ed095f397621f1d066b70"

"@protobufjs/fetch@^1.1.0":
  version "1.1.0"
  resolved "https://registry.yarnpkg.com/@protobufjs/fetch/-/fetch-1.1.0.tgz#ba99fb598614af65700c1619ff06d454b0d84c45"
  dependencies:
    "@protobufjs/aspromise" "^1.1.1"
    "@protobufjs/inquire" "^1.1.0"

"@protobufjs/float@^1.0.2":
  version "1.0.2"
  resolved "https://registry.yarnpkg.com/@protobufjs/float/-/float-1.0.2.tgz#5e9e1abdcb73fc0a7cb8b291df78c8cbd97b87d1"

"@protobufjs/inquire@^1.1.0":
  version "1.1.0"
  resolved "https://registry.yarnpkg.com/@protobufjs/inquire/-/inquire-1.1.0.tgz#ff200e3e7cf2429e2dcafc1140828e8cc638f089"

"@protobufjs/path@^1.1.2":
  version "1.1.2"
  resolved "https://registry.yarnpkg.com/@protobufjs/path/-/path-1.1.2.tgz#6cc2b20c5c9ad6ad0dccfd21ca7673d8d7fbf68d"

"@protobufjs/pool@^1.1.0":
  version "1.1.0"
  resolved "https://registry.yarnpkg.com/@protobufjs/pool/-/pool-1.1.0.tgz#09fd15f2d6d3abfa9b65bc366506d6ad7846ff54"

"@protobufjs/utf8@^1.1.0":
  version "1.1.0"
  resolved "https://registry.yarnpkg.com/@protobufjs/utf8/-/utf8-1.1.0.tgz#a777360b5b39a1a2e5106f8e858f2fd2d060c570"

"@tweenjs/tween.js@^21.0.0":
  version "21.0.0"
  resolved "https://registry.yarnpkg.com/@tweenjs/tween.js/-/tween.js-21.0.0.tgz#73f993c2d1de37b78b4c1246163e20bc6ae3b75e"

"@types/node@>=13.7.0":
  version "20.2.3"
  resolved "https://registry.yarnpkg.com/@types/node/-/node-20.2.3.tgz#b31eb300610c3835ac008d690de6f87e28f9b878"

"@zip.js/zip.js@2.4.x":
  version "2.4.26"
  resolved "https://registry.yarnpkg.com/@zip.js/zip.js/-/zip.js-2.4.26.tgz#b79bb2055dc6e185890ee01cdb710caba505d5b2"

arrive@^2.4.1:
  version "2.4.1"
  resolved "https://registry.yarnpkg.com/arrive/-/arrive-2.4.1.tgz#564c87f20bc09b80de781124d9431695004b8020"

autolinker@^4.0.0:
  version "4.0.0"
  resolved "https://registry.yarnpkg.com/autolinker/-/autolinker-4.0.0.tgz#aa1f9a52786b727b0ecee8cd7d4a97e0e3ef59f1"
  dependencies:
    tslib "^2.3.0"

bitmap-sdf@^1.0.3:
  version "1.0.4"
  resolved "https://registry.yarnpkg.com/bitmap-sdf/-/bitmap-sdf-1.0.4.tgz#e87b8b1d84ee846567cfbb29d60eedd34bca5b6f"

cesium@^1.109.0:
  version "1.109.0"
  resolved "https://registry.yarnpkg.com/cesium/-/cesium-1.109.0.tgz#68f1a0f46ec2e49a86dec52438570d2670325140"
  dependencies:
    "@cesium/engine" "^4.0.0"
    "@cesium/widgets" "^4.0.0"

commander@2:
  version "2.20.3"
  resolved "https://registry.yarnpkg.com/commander/-/commander-2.20.3.tgz#fd485e84c03eb4881c20722ba48035e8531aeb33"

dompurify@^3.0.2:
  version "3.0.3"
  resolved "https://registry.yarnpkg.com/dompurify/-/dompurify-3.0.3.tgz#4b115d15a091ddc96f232bcef668550a2f6f1430"

draco3d@^1.5.1:
  version "1.5.6"
  resolved "https://registry.yarnpkg.com/draco3d/-/draco3d-1.5.6.tgz#0d570a9792e3a3a9fafbfea065b692940441c626"

earcut@^2.2.4:
  version "2.2.4"
  resolved "https://registry.yarnpkg.com/earcut/-/earcut-2.2.4.tgz#6d02fd4d68160c114825d06890a92ecaae60343a"

grapheme-splitter@^1.0.4:
  version "1.0.4"
  resolved "https://registry.yarnpkg.com/grapheme-splitter/-/grapheme-splitter-1.0.4.tgz#9cf3a665c6247479896834af35cf1dbb4400767e"

i18next@^23.5.1:
  version "23.5.1"
  resolved "https://registry.yarnpkg.com/i18next/-/i18next-23.5.1.tgz#7f7c35ffaa907618d9489f106d5006b09fbca3d3"
  dependencies:
    "@babel/runtime" "^7.22.5"

jsep@^1.3.8:
  version "1.3.8"
  resolved "https://registry.yarnpkg.com/jsep/-/jsep-1.3.8.tgz#facb6eb908d085d71d950bd2b24b757c7b8a46d7"

kdbush@^4.0.1:
  version "4.0.2"
  resolved "https://registry.yarnpkg.com/kdbush/-/kdbush-4.0.2.tgz#2f7b7246328b4657dd122b6c7f025fbc2c868e39"

ktx-parse@^0.6.0:
  version "0.6.0"
  resolved "https://registry.yarnpkg.com/ktx-parse/-/ktx-parse-0.6.0.tgz#69e12a511cf345546da27b5b046182f5f31f68f9"

lerc@^2.0.0:
  version "2.0.0"
  resolved "https://registry.yarnpkg.com/lerc/-/lerc-2.0.0.tgz#82feca29ea6202799a815ca38f7b66a370e8cf9b"

long@^5.0.0:
  version "5.2.3"
  resolved "https://registry.yarnpkg.com/long/-/long-5.2.3.tgz#a3ba97f3877cf1d778eccbcb048525ebb77499e1"

material-dashboard-dark-edition@^2.1.0:
  version "2.1.0"
  resolved "https://registry.yarnpkg.com/material-dashboard-dark-edition/-/material-dashboard-dark-edition-2.1.0.tgz#c459bd2489c2b0965da02e18f96faa9762ba8227"

material-dashboard@^3.0.9:
  version "3.0.9"
  resolved "https://registry.yarnpkg.com/material-dashboard/-/material-dashboard-3.0.9.tgz#d38589e28be44bbcdd8ed472eb004b1727d58b03"

mersenne-twister@^1.1.0:
  version "1.1.0"
  resolved "https://registry.yarnpkg.com/mersenne-twister/-/mersenne-twister-1.1.0.tgz#f916618ee43d7179efcf641bec4531eb9670978a"

meshoptimizer@^0.19.0:
  version "0.19.0"
  resolved "https://registry.yarnpkg.com/meshoptimizer/-/meshoptimizer-0.19.0.tgz#1669e6d788ad3ffd238a65184e478355642ca979"

nosleep.js@^0.12.0:
  version "0.12.0"
  resolved "https://registry.yarnpkg.com/nosleep.js/-/nosleep.js-0.12.0.tgz#a01fddab2c13af357d673928b1f40a9013a4dc08"

pako@^2.0.4:
  version "2.1.0"
  resolved "https://registry.yarnpkg.com/pako/-/pako-2.1.0.tgz#266cc37f98c7d883545d11335c00fbd4062c9a86"

perfect-scrollbar@^1.5.1:
  version "1.5.5"
  resolved "https://registry.yarnpkg.com/perfect-scrollbar/-/perfect-scrollbar-1.5.5.tgz#41a211a2fb52a7191eff301432134ea47052b27f"

protobufjs@^7.1.0:
  version "7.3.2"
  resolved "https://registry.yarnpkg.com/protobufjs/-/protobufjs-7.3.2.tgz#60f3b7624968868f6f739430cfbc8c9370e26df4"
  dependencies:
    "@protobufjs/aspromise" "^1.1.2"
    "@protobufjs/base64" "^1.1.2"
    "@protobufjs/codegen" "^2.0.4"
    "@protobufjs/eventemitter" "^1.1.0"
    "@protobufjs/fetch" "^1.1.0"
    "@protobufjs/float" "^1.0.2"
    "@protobufjs/inquire" "^1.1.0"
    "@protobufjs/path" "^1.1.2"
    "@protobufjs/pool" "^1.1.0"
    "@protobufjs/utf8" "^1.1.0"
    "@types/node" ">=13.7.0"
    long "^5.0.0"

quickselect@^2.0.0:
  version "2.0.0"
  resolved "https://registry.yarnpkg.com/quickselect/-/quickselect-2.0.0.tgz#f19680a486a5eefb581303e023e98faaf25dd018"

rbush@^3.0.1:
  version "3.0.1"
  resolved "https://registry.yarnpkg.com/rbush/-/rbush-3.0.1.tgz#5fafa8a79b3b9afdfe5008403a720cc1de882ecf"
  dependencies:
    quickselect "^2.0.0"

regenerator-runtime@^0.13.11:
  version "0.13.11"
  resolved "https://registry.yarnpkg.com/regenerator-runtime/-/regenerator-runtime-0.13.11.tgz#f6dca3e7ceec20590d07ada785636a90cdca17f9"

topojson-client@^3.1.0:
  version "3.1.0"
  resolved "https://registry.yarnpkg.com/topojson-client/-/topojson-client-3.1.0.tgz#22e8b1ed08a2b922feeb4af6f53b6ef09a467b99"
  dependencies:
    commander "2"

tslib@^2.3.0:
  version "2.5.2"
  resolved "https://registry.yarnpkg.com/tslib/-/tslib-2.5.2.tgz#1b6f07185c881557b0ffa84b111a0106989e8338"

urijs@^1.19.7:
  version "1.19.11"
  resolved "https://registry.yarnpkg.com/urijs/-/urijs-1.19.11.tgz#204b0d6b605ae80bea54bea39280cdb7c9f923cc"
